
Microsoft Visual Studio Solution File, Format Version 12.00
# Visual Studio 2013
VisualStudioVersion = 12.0.31101.0
MinimumVisualStudioVersion = 10.0.40219.1
Project("{2150E333-8FDC-42A3-9474-1A3956D46DE8}") = ".nuget", ".nuget", "{8E56289D-38E2-402D-A619-E6641BC49B3F}"
	ProjectSection(SolutionItems) = preProject
		.nuget\NuGet.Config = .nuget\NuGet.Config
		.nuget\NuGet.exe = .nuget\NuGet.exe
		.nuget\NuGet.targets = .nuget\NuGet.targets
	EndProjectSection
EndProject
Project("{FAE04EC0-301F-11D3-BF4B-00C04F79EFBC}") = "Bix.Mixers.Fody", "Bix\Mixers.Fody\Bix.Mixers.Fody.csproj", "{29BB979D-4D47-4E74-9EDC-5F3586F1D591}"
EndProject
Project("{FAE04EC0-301F-11D3-BF4B-00C04F79EFBC}") = "Bix.Mixers.Fody.TestMixinInterfaces", "Bix\Mixers.Fody.TestMixinInterfaces\Bix.Mixers.Fody.TestMixinInterfaces.csproj", "{BF49324E-601F-4D8D-B520-0CD561D11BB4}"
EndProject
Project("{FAE04EC0-301F-11D3-BF4B-00C04F79EFBC}") = "Bix.Mixers.Fody.Tests", "Bix\Mixers.Fody.Tests\Bix.Mixers.Fody.Tests.csproj", "{D22DF5E2-E4A5-4E5A-8664-C961680D267C}"
EndProject
Project("{FAE04EC0-301F-11D3-BF4B-00C04F79EFBC}") = "Bix.Mixers.Fody.TestMixins", "Bix\Mixers.Fody.TestMixins\Bix.Mixers.Fody.TestMixins.csproj", "{CC1F40B0-9E5A-42B9-8C67-5F95D4AB2763}"
EndProject
Project("{FAE04EC0-301F-11D3-BF4B-00C04F79EFBC}") = "Bix.Mixers.Fody.TestMixinTargets", "Bix\Mixers.Fody.TestMixinTargets\Bix.Mixers.Fody.TestMixinTargets.csproj", "{F6E6CFAA-5A36-44E7-B75E-41B656232910}"
	ProjectSection(ProjectDependencies) = postProject
		{CC1F40B0-9E5A-42B9-8C67-5F95D4AB2763} = {CC1F40B0-9E5A-42B9-8C67-5F95D4AB2763}
	EndProjectSection
EndProject
Project("{FAE04EC0-301F-11D3-BF4B-00C04F79EFBC}") = "Bix.Mixers", "Bix\Mixers\Bix.Mixers.csproj", "{0E204E18-CAE0-4C25-A0F6-8695D5B27F5D}"
EndProject
Global
	GlobalSection(SolutionConfigurationPlatforms) = preSolution
		Debug|Any CPU = Debug|Any CPU
		Release|Any CPU = Release|Any CPU
	EndGlobalSection
	GlobalSection(ProjectConfigurationPlatforms) = postSolution
		{29BB979D-4D47-4E74-9EDC-5F3586F1D591}.Debug|Any CPU.ActiveCfg = Debug|Any CPU
		{29BB979D-4D47-4E74-9EDC-5F3586F1D591}.Debug|Any CPU.Build.0 = Debug|Any CPU
		{29BB979D-4D47-4E74-9EDC-5F3586F1D591}.Release|Any CPU.ActiveCfg = Release|Any CPU
		{29BB979D-4D47-4E74-9EDC-5F3586F1D591}.Release|Any CPU.Build.0 = Release|Any CPU
		{BF49324E-601F-4D8D-B520-0CD561D11BB4}.Debug|Any CPU.ActiveCfg = Debug|Any CPU
		{BF49324E-601F-4D8D-B520-0CD561D11BB4}.Debug|Any CPU.Build.0 = Debug|Any CPU
		{BF49324E-601F-4D8D-B520-0CD561D11BB4}.Release|Any CPU.ActiveCfg = Release|Any CPU
		{BF49324E-601F-4D8D-B520-0CD561D11BB4}.Release|Any CPU.Build.0 = Release|Any CPU
		{D22DF5E2-E4A5-4E5A-8664-C961680D267C}.Debug|Any CPU.ActiveCfg = Debug|Any CPU
		{D22DF5E2-E4A5-4E5A-8664-C961680D267C}.Debug|Any CPU.Build.0 = Debug|Any CPU
		{D22DF5E2-E4A5-4E5A-8664-C961680D267C}.Release|Any CPU.ActiveCfg = Release|Any CPU
		{D22DF5E2-E4A5-4E5A-8664-C961680D267C}.Release|Any CPU.Build.0 = Release|Any CPU
		{CC1F40B0-9E5A-42B9-8C67-5F95D4AB2763}.Debug|Any CPU.ActiveCfg = Debug|Any CPU
		{CC1F40B0-9E5A-42B9-8C67-5F95D4AB2763}.Debug|Any CPU.Build.0 = Debug|Any CPU
		{CC1F40B0-9E5A-42B9-8C67-5F95D4AB2763}.Release|Any CPU.ActiveCfg = Release|Any CPU
		{CC1F40B0-9E5A-42B9-8C67-5F95D4AB2763}.Release|Any CPU.Build.0 = Release|Any CPU
		{F6E6CFAA-5A36-44E7-B75E-41B656232910}.Debug|Any CPU.ActiveCfg = Debug|Any CPU
		{F6E6CFAA-5A36-44E7-B75E-41B656232910}.Debug|Any CPU.Build.0 = Debug|Any CPU
		{F6E6CFAA-5A36-44E7-B75E-41B656232910}.Release|Any CPU.ActiveCfg = Release|Any CPU
		{F6E6CFAA-5A36-44E7-B75E-41B656232910}.Release|Any CPU.Build.0 = Release|Any CPU
		{0E204E18-CAE0-4C25-A0F6-8695D5B27F5D}.Debug|Any CPU.ActiveCfg = Debug|Any CPU
		{0E204E18-CAE0-4C25-A0F6-8695D5B27F5D}.Debug|Any CPU.Build.0 = Debug|Any CPU
		{0E204E18-CAE0-4C25-A0F6-8695D5B27F5D}.Release|Any CPU.ActiveCfg = Release|Any CPU
		{0E204E18-CAE0-4C25-A0F6-8695D5B27F5D}.Release|Any CPU.Build.0 = Release|Any CPU
	EndGlobalSection
	GlobalSection(SolutionProperties) = preSolution
		HideSolutionNode = FALSE
	EndGlobalSection
	GlobalSection(MonoDevelopProperties) = preSolution
		Policies = $0
		$0.DotNetNamingPolicy = $1
		$1.DirectoryNamespaceAssociation = None
		$1.ResourceNamePolicy = FileFormatDefault
		$0.TextStylePolicy = $2
		$2.inheritsSet = null
		$2.scope = text/x-csharp
		$0.CSharpFormattingPolicy = $3
		$3.IndentSwitchBody = True
		$3.AnonymousMethodBraceStyle = NextLine
		$3.PropertyBraceStyle = NextLine
		$3.PropertyGetBraceStyle = NextLine
		$3.EventBraceStyle = NextLine
		$3.EventAddBraceStyle = NextLine
		$3.EventRemoveBraceStyle = NextLine
		$3.StatementBraceStyle = NextLine
		$3.ElseNewLinePlacement = NewLine
		$3.ElseIfNewLinePlacement = NewLine
		$3.CatchNewLinePlacement = NewLine
		$3.FinallyNewLinePlacement = NewLine
		$3.BeforeMethodCallParentheses = False
		$3.BeforeConstructorDeclarationParentheses = False
		$3.BeforeIndexerDeclarationBracket = False
		$3.BeforeDelegateDeclarationParentheses = False
		$3.AfterDelegateDeclarationParameterComma = True
		$3.NewParentheses = False
		$3.SpacesBeforeBrackets = False
		$3.MethodCallArgumentWrapping = WrapIfTooLong
		$3.NewLineAferMethodCallOpenParentheses = NewLine
		$3.MethodCallClosingParenthesesOnNewLine = SameLine
		$3.MethodDeclarationParameterWrapping = WrapAlways
		$3.NewLineAferMethodDeclarationOpenParentheses = NewLine
		$3.MethodDeclarationClosingParenthesesOnNewLine = SameLine
		$3.IndexerDeclarationParameterWrapping = WrapIfTooLong
		$3.NewLineAferIndexerDeclarationOpenBracket = NewLine
		$3.IndexerDeclarationClosingBracketOnNewLine = SameLine
		$3.IndexerArgumentWrapping = WrapIfTooLong
		$3.NewLineAferIndexerOpenBracket = NewLine
		$3.IndexerClosingBracketOnNewLine = SameLine
		$3.inheritsSet = Mono
		$3.inheritsScope = text/x-csharp
		$3.scope = text/x-csharp
	EndGlobalSection
EndGlobal
