
Microsoft Visual Studio Solution File, Format Version 12.00
# Visual Studio 15
VisualStudioVersion = 15.0.27004.2006
MinimumVisualStudioVersion = 10.0.40219.1
Project("{9A19103F-16F7-4668-BE54-9A1E7A4F7556}") = "Cilador.Aop.Core", "Cilador\Aop.Core\Cilador.Aop.Core.csproj", "{34C87EE0-3B08-40FA-A593-85DFE1588BBA}"
EndProject
Project("{9A19103F-16F7-4668-BE54-9A1E7A4F7556}") = "Cilador.Graph.Core", "Cilador\Graph.Core\Cilador.Graph.Core.csproj", "{460C19FE-87B3-40E4-80BD-A5729F34AA40}"
EndProject
Project("{9A19103F-16F7-4668-BE54-9A1E7A4F7556}") = "Cilador.Graph.TopologicalSort", "Cilador\Graph.TopologicalSort\Cilador.Graph.TopologicalSort.csproj", "{9B81C346-6A2C-4D82-AEF5-072E12F1CD96}"
EndProject
Project("{9A19103F-16F7-4668-BE54-9A1E7A4F7556}") = "Cilador.Dispatch", "Cilador\Dispatch\Cilador.Dispatch.csproj", "{E35D71B9-75B6-4419-87F5-2A0CE7BD2DE5}"
EndProject
Project("{9A19103F-16F7-4668-BE54-9A1E7A4F7556}") = "Cilador.Graph.Factory", "Cilador\Graph.Factory\Cilador.Graph.Factory.csproj", "{6D4DAF63-DD41-495E-8992-85CB09F906B0}"
EndProject
Project("{9A19103F-16F7-4668-BE54-9A1E7A4F7556}") = "Cilador.Graph.Operations", "Cilador\Graph.Operations\Cilador.Graph.Operations.csproj", "{0569158D-AA9F-47DA-B352-BEA74B021E9C}"
EndProject
Project("{9A19103F-16F7-4668-BE54-9A1E7A4F7556}") = "Cilador.Clone", "Cilador\Clone\Cilador.Clone.csproj", "{F30E7B7E-68AF-4125-8A0E-8BC993E7CBD8}"
EndProject
Project("{9A19103F-16F7-4668-BE54-9A1E7A4F7556}") = "Cilador.TestAopTarget", "Cilador\TestAopTarget\Cilador.TestAopTarget.csproj", "{6FB185FF-88F3-4436-BEA6-910690C4752A}"
EndProject
Project("{FAE04EC0-301F-11D3-BF4B-00C04F79EFBC}") = "Cilador.Tests", "Cilador\Tests\Cilador.Tests.csproj", "{BC913E9C-6528-490C-AE5E-152A5D0A22F3}"
EndProject
Project("{9A19103F-16F7-4668-BE54-9A1E7A4F7556}") = "Cilador.Aop.Transform", "Cilador\Aop.Transform\Cilador.Aop.Transform.csproj", "{9CA9D33E-BE96-40AB-92C3-E14FDF53A2AD}"
EndProject
Project("{9A19103F-16F7-4668-BE54-9A1E7A4F7556}") = "Cilador.Aop.IntroduceType", "Cilador\Aop.IntroduceType\Cilador.Aop.IntroduceType.csproj", "{7223638D-FD68-404D-92B5-636F0F59FC4E}"
EndProject
Project("{9A19103F-16F7-4668-BE54-9A1E7A4F7556}") = "Cilador.Aop.Decorate", "Cilador\Aop.Decorate\Cilador.Aop.Decorate.csproj", "{16131D6B-A6F3-4F7D-82F8-B231D6E32EE8}"
EndProject
Global
	GlobalSection(SolutionConfigurationPlatforms) = preSolution
		Debug|Any CPU = Debug|Any CPU
		Release|Any CPU = Release|Any CPU
	EndGlobalSection
	GlobalSection(ProjectConfigurationPlatforms) = postSolution
		{34C87EE0-3B08-40FA-A593-85DFE1588BBA}.Debug|Any CPU.ActiveCfg = Debug|Any CPU
		{34C87EE0-3B08-40FA-A593-85DFE1588BBA}.Debug|Any CPU.Build.0 = Debug|Any CPU
		{34C87EE0-3B08-40FA-A593-85DFE1588BBA}.Release|Any CPU.ActiveCfg = Release|Any CPU
		{34C87EE0-3B08-40FA-A593-85DFE1588BBA}.Release|Any CPU.Build.0 = Release|Any CPU
		{460C19FE-87B3-40E4-80BD-A5729F34AA40}.Debug|Any CPU.ActiveCfg = Debug|Any CPU
		{460C19FE-87B3-40E4-80BD-A5729F34AA40}.Debug|Any CPU.Build.0 = Debug|Any CPU
		{460C19FE-87B3-40E4-80BD-A5729F34AA40}.Release|Any CPU.ActiveCfg = Release|Any CPU
		{460C19FE-87B3-40E4-80BD-A5729F34AA40}.Release|Any CPU.Build.0 = Release|Any CPU
		{9B81C346-6A2C-4D82-AEF5-072E12F1CD96}.Debug|Any CPU.ActiveCfg = Debug|Any CPU
		{9B81C346-6A2C-4D82-AEF5-072E12F1CD96}.Debug|Any CPU.Build.0 = Debug|Any CPU
		{9B81C346-6A2C-4D82-AEF5-072E12F1CD96}.Release|Any CPU.ActiveCfg = Release|Any CPU
		{9B81C346-6A2C-4D82-AEF5-072E12F1CD96}.Release|Any CPU.Build.0 = Release|Any CPU
		{E35D71B9-75B6-4419-87F5-2A0CE7BD2DE5}.Debug|Any CPU.ActiveCfg = Debug|Any CPU
		{E35D71B9-75B6-4419-87F5-2A0CE7BD2DE5}.Debug|Any CPU.Build.0 = Debug|Any CPU
		{E35D71B9-75B6-4419-87F5-2A0CE7BD2DE5}.Release|Any CPU.ActiveCfg = Release|Any CPU
		{E35D71B9-75B6-4419-87F5-2A0CE7BD2DE5}.Release|Any CPU.Build.0 = Release|Any CPU
		{6D4DAF63-DD41-495E-8992-85CB09F906B0}.Debug|Any CPU.ActiveCfg = Debug|Any CPU
		{6D4DAF63-DD41-495E-8992-85CB09F906B0}.Debug|Any CPU.Build.0 = Debug|Any CPU
		{6D4DAF63-DD41-495E-8992-85CB09F906B0}.Release|Any CPU.ActiveCfg = Release|Any CPU
		{6D4DAF63-DD41-495E-8992-85CB09F906B0}.Release|Any CPU.Build.0 = Release|Any CPU
		{0569158D-AA9F-47DA-B352-BEA74B021E9C}.Debug|Any CPU.ActiveCfg = Debug|Any CPU
		{0569158D-AA9F-47DA-B352-BEA74B021E9C}.Debug|Any CPU.Build.0 = Debug|Any CPU
		{0569158D-AA9F-47DA-B352-BEA74B021E9C}.Release|Any CPU.ActiveCfg = Release|Any CPU
		{0569158D-AA9F-47DA-B352-BEA74B021E9C}.Release|Any CPU.Build.0 = Release|Any CPU
		{F30E7B7E-68AF-4125-8A0E-8BC993E7CBD8}.Debug|Any CPU.ActiveCfg = Debug|Any CPU
		{F30E7B7E-68AF-4125-8A0E-8BC993E7CBD8}.Debug|Any CPU.Build.0 = Debug|Any CPU
		{F30E7B7E-68AF-4125-8A0E-8BC993E7CBD8}.Release|Any CPU.ActiveCfg = Release|Any CPU
		{F30E7B7E-68AF-4125-8A0E-8BC993E7CBD8}.Release|Any CPU.Build.0 = Release|Any CPU
		{6FB185FF-88F3-4436-BEA6-910690C4752A}.Debug|Any CPU.ActiveCfg = Debug|Any CPU
		{6FB185FF-88F3-4436-BEA6-910690C4752A}.Debug|Any CPU.Build.0 = Debug|Any CPU
		{6FB185FF-88F3-4436-BEA6-910690C4752A}.Release|Any CPU.ActiveCfg = Release|Any CPU
		{6FB185FF-88F3-4436-BEA6-910690C4752A}.Release|Any CPU.Build.0 = Release|Any CPU
		{BC913E9C-6528-490C-AE5E-152A5D0A22F3}.Debug|Any CPU.ActiveCfg = Debug|Any CPU
		{BC913E9C-6528-490C-AE5E-152A5D0A22F3}.Debug|Any CPU.Build.0 = Debug|Any CPU
		{BC913E9C-6528-490C-AE5E-152A5D0A22F3}.Release|Any CPU.ActiveCfg = Release|Any CPU
		{BC913E9C-6528-490C-AE5E-152A5D0A22F3}.Release|Any CPU.Build.0 = Release|Any CPU
		{9CA9D33E-BE96-40AB-92C3-E14FDF53A2AD}.Debug|Any CPU.ActiveCfg = Debug|Any CPU
		{9CA9D33E-BE96-40AB-92C3-E14FDF53A2AD}.Debug|Any CPU.Build.0 = Debug|Any CPU
		{9CA9D33E-BE96-40AB-92C3-E14FDF53A2AD}.Release|Any CPU.ActiveCfg = Release|Any CPU
		{9CA9D33E-BE96-40AB-92C3-E14FDF53A2AD}.Release|Any CPU.Build.0 = Release|Any CPU
		{7223638D-FD68-404D-92B5-636F0F59FC4E}.Debug|Any CPU.ActiveCfg = Debug|Any CPU
		{7223638D-FD68-404D-92B5-636F0F59FC4E}.Debug|Any CPU.Build.0 = Debug|Any CPU
		{7223638D-FD68-404D-92B5-636F0F59FC4E}.Release|Any CPU.ActiveCfg = Release|Any CPU
		{7223638D-FD68-404D-92B5-636F0F59FC4E}.Release|Any CPU.Build.0 = Release|Any CPU
		{16131D6B-A6F3-4F7D-82F8-B231D6E32EE8}.Debug|Any CPU.ActiveCfg = Debug|Any CPU
		{16131D6B-A6F3-4F7D-82F8-B231D6E32EE8}.Debug|Any CPU.Build.0 = Debug|Any CPU
		{16131D6B-A6F3-4F7D-82F8-B231D6E32EE8}.Release|Any CPU.ActiveCfg = Release|Any CPU
		{16131D6B-A6F3-4F7D-82F8-B231D6E32EE8}.Release|Any CPU.Build.0 = Release|Any CPU
	EndGlobalSection
	GlobalSection(SolutionProperties) = preSolution
		HideSolutionNode = FALSE
	EndGlobalSection
	GlobalSection(ExtensibilityGlobals) = postSolution
		SolutionGuid = {16B75DBC-6D34-46EC-B08A-6FCCFEC0670C}
	EndGlobalSection
EndGlobal
