
Microsoft Visual Studio Solution File, Format Version 12.00
# Visual Studio 15
VisualStudioVersion = 15.0.27004.2006
MinimumVisualStudioVersion = 10.0.40219.1
Project("{FAE04EC0-301F-11D3-BF4B-00C04F79EFBC}") = "Cilador", "Cilador\Cilador.csproj", "{DA13736D-DCF1-4364-BC97-0201E2AA052B}"
EndProject
Project("{FAE04EC0-301F-11D3-BF4B-00C04F79EFBC}") = "Cilador.Fody", "Cilador.Fody\Cilador.Fody.csproj", "{C9077D33-BCA5-4952-BFBD-7C93AAD21C3A}"
EndProject
Project("{FAE04EC0-301F-11D3-BF4B-00C04F79EFBC}") = "Cilador.Fody.TestMixinInterfaces", "Cilador.Fody.TestMixinInterfaces\Cilador.Fody.TestMixinInterfaces.csproj", "{60191B94-6446-4EB5-86F2-D12D83009F9E}"
EndProject
Project("{FAE04EC0-301F-11D3-BF4B-00C04F79EFBC}") = "Cilador.Fody.TestMixinTargets", "Cilador.Fody.TestMixinTargets\Cilador.Fody.TestMixinTargets.csproj", "{C27B415C-8869-4C8E-A6C2-B63386583C20}"
EndProject
Project("{FAE04EC0-301F-11D3-BF4B-00C04F79EFBC}") = "Cilador.Fody.TestMixins", "Cilador.Fody.TestMixins\Cilador.Fody.TestMixins.csproj", "{9666E3BC-3CDA-4CED-A499-F02D44412E1F}"
EndProject
Project("{FAE04EC0-301F-11D3-BF4B-00C04F79EFBC}") = "Cilador.Fody.Tests", "Cilador.Fody.Tests\Cilador.Fody.Tests.csproj", "{4C4BA0D5-A6F4-4C94-951F-212435252104}"
EndProject
Project("{FAE04EC0-301F-11D3-BF4B-00C04F79EFBC}") = "Cilador.Tests", "Cilador.Tests\Cilador.Tests.csproj", "{9A0EF295-CF59-462F-A054-2FA8DAEC110D}"
EndProject
Project("{FAE04EC0-301F-11D3-BF4B-00C04F79EFBC}") = "Cilador.TestAopAspects", "Cilador.TestAopAspects\Cilador.TestAopAspects.csproj", "{8858449E-D993-4C3B-B097-FADA89130567}"
EndProject
Project("{FAE04EC0-301F-11D3-BF4B-00C04F79EFBC}") = "Cilador.TestAopTarget", "Cilador.TestAopTarget\Cilador.TestAopTarget.csproj", "{0BE1ACD4-B82B-453B-A793-7415AC1FC3E6}"
EndProject
Global
	GlobalSection(SolutionConfigurationPlatforms) = preSolution
		Debug|Any CPU = Debug|Any CPU
		Release|Any CPU = Release|Any CPU
	EndGlobalSection
	GlobalSection(ProjectConfigurationPlatforms) = postSolution
		{DA13736D-DCF1-4364-BC97-0201E2AA052B}.Debug|Any CPU.ActiveCfg = Debug|Any CPU
		{DA13736D-DCF1-4364-BC97-0201E2AA052B}.Debug|Any CPU.Build.0 = Debug|Any CPU
		{DA13736D-DCF1-4364-BC97-0201E2AA052B}.Release|Any CPU.ActiveCfg = Release|Any CPU
		{DA13736D-DCF1-4364-BC97-0201E2AA052B}.Release|Any CPU.Build.0 = Release|Any CPU
		{C9077D33-BCA5-4952-BFBD-7C93AAD21C3A}.Debug|Any CPU.ActiveCfg = Debug|Any CPU
		{C9077D33-BCA5-4952-BFBD-7C93AAD21C3A}.Debug|Any CPU.Build.0 = Debug|Any CPU
		{C9077D33-BCA5-4952-BFBD-7C93AAD21C3A}.Release|Any CPU.ActiveCfg = Release|Any CPU
		{C9077D33-BCA5-4952-BFBD-7C93AAD21C3A}.Release|Any CPU.Build.0 = Release|Any CPU
		{60191B94-6446-4EB5-86F2-D12D83009F9E}.Debug|Any CPU.ActiveCfg = Debug|Any CPU
		{60191B94-6446-4EB5-86F2-D12D83009F9E}.Debug|Any CPU.Build.0 = Debug|Any CPU
		{60191B94-6446-4EB5-86F2-D12D83009F9E}.Release|Any CPU.ActiveCfg = Release|Any CPU
		{60191B94-6446-4EB5-86F2-D12D83009F9E}.Release|Any CPU.Build.0 = Release|Any CPU
		{C27B415C-8869-4C8E-A6C2-B63386583C20}.Debug|Any CPU.ActiveCfg = Debug|Any CPU
		{C27B415C-8869-4C8E-A6C2-B63386583C20}.Debug|Any CPU.Build.0 = Debug|Any CPU
		{C27B415C-8869-4C8E-A6C2-B63386583C20}.Release|Any CPU.ActiveCfg = Release|Any CPU
		{C27B415C-8869-4C8E-A6C2-B63386583C20}.Release|Any CPU.Build.0 = Release|Any CPU
		{9666E3BC-3CDA-4CED-A499-F02D44412E1F}.Debug|Any CPU.ActiveCfg = Debug|Any CPU
		{9666E3BC-3CDA-4CED-A499-F02D44412E1F}.Debug|Any CPU.Build.0 = Debug|Any CPU
		{9666E3BC-3CDA-4CED-A499-F02D44412E1F}.Release|Any CPU.ActiveCfg = Release|Any CPU
		{9666E3BC-3CDA-4CED-A499-F02D44412E1F}.Release|Any CPU.Build.0 = Release|Any CPU
		{4C4BA0D5-A6F4-4C94-951F-212435252104}.Debug|Any CPU.ActiveCfg = Debug|Any CPU
		{4C4BA0D5-A6F4-4C94-951F-212435252104}.Debug|Any CPU.Build.0 = Debug|Any CPU
		{4C4BA0D5-A6F4-4C94-951F-212435252104}.Release|Any CPU.ActiveCfg = Release|Any CPU
		{4C4BA0D5-A6F4-4C94-951F-212435252104}.Release|Any CPU.Build.0 = Release|Any CPU
		{9A0EF295-CF59-462F-A054-2FA8DAEC110D}.Debug|Any CPU.ActiveCfg = Debug|Any CPU
		{9A0EF295-CF59-462F-A054-2FA8DAEC110D}.Debug|Any CPU.Build.0 = Debug|Any CPU
		{9A0EF295-CF59-462F-A054-2FA8DAEC110D}.Release|Any CPU.ActiveCfg = Release|Any CPU
		{9A0EF295-CF59-462F-A054-2FA8DAEC110D}.Release|Any CPU.Build.0 = Release|Any CPU
		{8858449E-D993-4C3B-B097-FADA89130567}.Debug|Any CPU.ActiveCfg = Debug|Any CPU
		{8858449E-D993-4C3B-B097-FADA89130567}.Debug|Any CPU.Build.0 = Debug|Any CPU
		{8858449E-D993-4C3B-B097-FADA89130567}.Release|Any CPU.ActiveCfg = Release|Any CPU
		{8858449E-D993-4C3B-B097-FADA89130567}.Release|Any CPU.Build.0 = Release|Any CPU
		{0BE1ACD4-B82B-453B-A793-7415AC1FC3E6}.Debug|Any CPU.ActiveCfg = Debug|Any CPU
		{0BE1ACD4-B82B-453B-A793-7415AC1FC3E6}.Debug|Any CPU.Build.0 = Debug|Any CPU
		{0BE1ACD4-B82B-453B-A793-7415AC1FC3E6}.Release|Any CPU.ActiveCfg = Release|Any CPU
		{0BE1ACD4-B82B-453B-A793-7415AC1FC3E6}.Release|Any CPU.Build.0 = Release|Any CPU
	EndGlobalSection
	GlobalSection(SolutionProperties) = preSolution
		HideSolutionNode = FALSE
	EndGlobalSection
	GlobalSection(ExtensibilityGlobals) = postSolution
		SolutionGuid = {16B75DBC-6D34-46EC-B08A-6FCCFEC0670C}
	EndGlobalSection
EndGlobal
